{
    "_meta": {
        "hash": {
            "sha256": "706ec29f66de73d62b53ef428335a84ff81adbfeb4b0966e849aefc88e6905f5"
        },
        "pipfile-spec": 6,
        "requires": {
            "python_version": "3.8"
        },
        "sources": [
            {
                "name": "custom",
                "url": "https://mirrors.aliyun.com/pypi/simple",
                "verify_ssl": true
            }
        ]
    },
    "default": {},
    "develop": {}
}
